<?xml version="1.0" encoding="UTF-8"?>
<!DOCTYPE plist PUBLIC "-//Apple//DTD PLIST 1.0//EN" "http://www.apple.com/DTDs/PropertyList-1.0.dtd">
<plist version="1.0">
<dict>
	<key>archiveVersion</key>
	<string>1</string>
	<key>classes</key>
	<dict/>
	<key>objectVersion</key>
	<string>46</string>
	<key>objects</key>
	<dict>
		<key>0B13366318A0064500747112</key>
		<dict>
			<key>fileEncoding</key>
			<string>4</string>
			<key>isa</key>
			<string>PBXFileReference</string>
			<key>lastKnownFileType</key>
			<string>sourcecode.c.h</string>
			<key>path</key>
			<string>GrapeTreeInformation.h</string>
			<key>sourceTree</key>
			<string>&lt;group&gt;</string>
		</dict>
		<key>0B13366418A0064500747112</key>
		<dict>
			<key>fileEncoding</key>
			<string>4</string>
			<key>isa</key>
			<string>PBXFileReference</string>
			<key>lastKnownFileType</key>
			<string>sourcecode.c.objc</string>
			<key>path</key>
			<string>GrapeTreeInformation.m</string>
			<key>sourceTree</key>
			<string>&lt;group&gt;</string>
		</dict>
		<key>0B13366518A0064500747112</key>
		<dict>
			<key>fileRef</key>
			<string>0B13366418A0064500747112</string>
			<key>isa</key>
			<string>PBXBuildFile</string>
		</dict>
		<key>0B13366618A0076100747112</key>
		<dict>
			<key>fileEncoding</key>
			<string>4</string>
			<key>isa</key>
			<string>PBXFileReference</string>
			<key>lastKnownFileType</key>
			<string>sourcecode.c.h</string>
			<key>path</key>
			<string>DataGenerator.h</string>
			<key>sourceTree</key>
			<string>&lt;group&gt;</string>
		</dict>
		<key>0B13366718A0076100747112</key>
		<dict>
			<key>fileEncoding</key>
			<string>4</string>
			<key>isa</key>
			<string>PBXFileReference</string>
			<key>lastKnownFileType</key>
			<string>sourcecode.c.objc</string>
			<key>path</key>
			<string>DataGenerator.m</string>
			<key>sourceTree</key>
			<string>&lt;group&gt;</string>
		</dict>
		<key>0B13366818A0076100747112</key>
		<dict>
			<key>fileRef</key>
			<string>0B13366718A0076100747112</string>
			<key>isa</key>
			<string>PBXBuildFile</string>
		</dict>
		<key>0B13366918A0385E00747112</key>
		<dict>
			<key>children</key>
			<array>
				<string>0BF32E4618A182C400CA021D</string>
				<string>0BF32E4718A182C400CA021D</string>
			</array>
			<key>isa</key>
			<string>PBXGroup</string>
			<key>name</key>
			<string>View</string>
			<key>sourceTree</key>
			<string>&lt;group&gt;</string>
		</dict>
		<key>0B1E033B18A93EC7005B966B</key>
		<dict>
			<key>children</key>
			<array>
				<string>0B1E034C18A93F3C005B966B</string>
				<string>0B1E034A18A93F17005B966B</string>
				<string>0B1E035118A94781005B966B</string>
				<string>0B1E034818A93F12005B966B</string>
				<string>0B1E034618A93EFA005B966B</string>
				<string>0B1E034418A93EF1005B966B</string>
				<string>0B1E034218A93EEC005B966B</string>
				<string>0B1E034018A93EE7005B966B</string>
				<string>0B1E033E18A93EDE005B966B</string>
				<string>0B1E033C18A93ED8005B966B</string>
			</array>
			<key>isa</key>
			<string>PBXGroup</string>
			<key>name</key>
			<string>wine</string>
			<key>sourceTree</key>
			<string>&lt;group&gt;</string>
		</dict>
		<key>0B1E033C18A93ED8005B966B</key>
		<dict>
			<key>isa</key>
			<string>PBXFileReference</string>
			<key>lastKnownFileType</key>
			<string>image.png</string>
			<key>path</key>
			<string>whiteWine1.png</string>
			<key>sourceTree</key>
			<string>&lt;group&gt;</string>
		</dict>
		<key>0B1E033D18A93ED8005B966B</key>
		<dict>
			<key>fileRef</key>
			<string>0B1E033C18A93ED8005B966B</string>
			<key>isa</key>
			<string>PBXBuildFile</string>
		</dict>
		<key>0B1E033E18A93EDE005B966B</key>
		<dict>
			<key>isa</key>
			<string>PBXFileReference</string>
			<key>lastKnownFileType</key>
			<string>image.png</string>
			<key>path</key>
			<string>rose2.png</string>
			<key>sourceTree</key>
			<string>&lt;group&gt;</string>
		</dict>
		<key>0B1E033F18A93EDE005B966B</key>
		<dict>
			<key>fileRef</key>
			<string>0B1E033E18A93EDE005B966B</string>
			<key>isa</key>
			<string>PBXBuildFile</string>
		</dict>
		<key>0B1E034018A93EE7005B966B</key>
		<dict>
			<key>isa</key>
			<string>PBXFileReference</string>
			<key>lastKnownFileType</key>
			<string>image.png</string>
			<key>path</key>
			<string>FortifiedWine.png</string>
			<key>sourceTree</key>
			<string>&lt;group&gt;</string>
		</dict>
		<key>0B1E034118A93EE7005B966B</key>
		<dict>
			<key>fileRef</key>
			<string>0B1E034018A93EE7005B966B</string>
			<key>isa</key>
			<string>PBXBuildFile</string>
		</dict>
		<key>0B1E034218A93EEC005B966B</key>
		<dict>
			<key>isa</key>
			<string>PBXFileReference</string>
			<key>lastKnownFileType</key>
			<string>image.png</string>
			<key>path</key>
			<string>wineTaster.png</string>
			<key>sourceTree</key>
			<string>&lt;group&gt;</string>
		</dict>
		<key>0B1E034318A93EEC005B966B</key>
		<dict>
			<key>fileRef</key>
			<string>0B1E034218A93EEC005B966B</string>
			<key>isa</key>
			<string>PBXBuildFile</string>
		</dict>
		<key>0B1E034418A93EF1005B966B</key>
		<dict>
			<key>isa</key>
			<string>PBXFileReference</string>
			<key>lastKnownFileType</key>
			<string>image.png</string>
			<key>path</key>
			<string>sparklingWine.png</string>
			<key>sourceTree</key>
			<string>&lt;group&gt;</string>
		</dict>
		<key>0B1E034518A93EF1005B966B</key>
		<dict>
			<key>fileRef</key>
			<string>0B1E034418A93EF1005B966B</string>
			<key>isa</key>
			<string>PBXBuildFile</string>
		</dict>
		<key>0B1E034618A93EFA005B966B</key>
		<dict>
			<key>isa</key>
			<string>PBXFileReference</string>
			<key>lastKnownFileType</key>
			<string>image.png</string>
			<key>path</key>
			<string>rose1.png</string>
			<key>sourceTree</key>
			<string>&lt;group&gt;</string>
		</dict>
		<key>0B1E034718A93EFA005B966B</key>
		<dict>
			<key>fileRef</key>
			<string>0B1E034618A93EFA005B966B</string>
			<key>isa</key>
			<string>PBXBuildFile</string>
		</dict>
		<key>0B1E034818A93F12005B966B</key>
		<dict>
			<key>isa</key>
			<string>PBXFileReference</string>
			<key>lastKnownFileType</key>
			<string>image.png</string>
			<key>path</key>
			<string>rose4.png</string>
			<key>sourceTree</key>
			<string>&lt;group&gt;</string>
		</dict>
		<key>0B1E034918A93F12005B966B</key>
		<dict>
			<key>fileRef</key>
			<string>0B1E034818A93F12005B966B</string>
			<key>isa</key>
			<string>PBXBuildFile</string>
		</dict>
		<key>0B1E034A18A93F17005B966B</key>
		<dict>
			<key>isa</key>
			<string>PBXFileReference</string>
			<key>lastKnownFileType</key>
			<string>image.png</string>
			<key>path</key>
			<string>rose3.png</string>
			<key>sourceTree</key>
			<string>&lt;group&gt;</string>
		</dict>
		<key>0B1E034B18A93F17005B966B</key>
		<dict>
			<key>fileRef</key>
			<string>0B1E034A18A93F17005B966B</string>
			<key>isa</key>
			<string>PBXBuildFile</string>
		</dict>
		<key>0B1E034C18A93F3C005B966B</key>
		<dict>
			<key>isa</key>
			<string>PBXFileReference</string>
			<key>lastKnownFileType</key>
			<string>image.png</string>
			<key>path</key>
			<string>whiteWine2.png</string>
			<key>sourceTree</key>
			<string>&lt;group&gt;</string>
		</dict>
		<key>0B1E034D18A93F3C005B966B</key>
		<dict>
			<key>fileRef</key>
			<string>0B1E034C18A93F3C005B966B</string>
			<key>isa</key>
			<string>PBXBuildFile</string>
		</dict>
		<key>0B1E034E18A93F72005B966B</key>
		<dict>
			<key>fileEncoding</key>
			<string>4</string>
			<key>isa</key>
			<string>PBXFileReference</string>
			<key>lastKnownFileType</key>
			<string>sourcecode.c.h</string>
			<key>path</key>
			<string>Utility.h</string>
			<key>sourceTree</key>
			<string>&lt;group&gt;</string>
		</dict>
		<key>0B1E034F18A93F72005B966B</key>
		<dict>
			<key>fileEncoding</key>
			<string>4</string>
			<key>isa</key>
			<string>PBXFileReference</string>
			<key>lastKnownFileType</key>
			<string>sourcecode.c.objc</string>
			<key>path</key>
			<string>Utility.m</string>
			<key>sourceTree</key>
			<string>&lt;group&gt;</string>
		</dict>
		<key>0B1E035018A93F72005B966B</key>
		<dict>
			<key>fileRef</key>
			<string>0B1E034F18A93F72005B966B</string>
			<key>isa</key>
			<string>PBXBuildFile</string>
		</dict>
		<key>0B1E035118A94781005B966B</key>
		<dict>
			<key>isa</key>
			<string>PBXFileReference</string>
			<key>lastKnownFileType</key>
			<string>image.png</string>
			<key>path</key>
			<string>redWine.png</string>
			<key>sourceTree</key>
			<string>&lt;group&gt;</string>
		</dict>
		<key>0B1E035218A94781005B966B</key>
		<dict>
			<key>fileRef</key>
			<string>0B1E035118A94781005B966B</string>
			<key>isa</key>
			<string>PBXBuildFile</string>
		</dict>
		<key>0B75F9161896E4B000BA44C8</key>
		<dict>
			<key>children</key>
			<array>
				<string>0B75F9281896E4B000BA44C8</string>
				<string>0B75F9471896E4B000BA44C8</string>
				<string>0B75F9211896E4B000BA44C8</string>
				<string>0B75F9201896E4B000BA44C8</string>
				<string>24F22FD0AE8B4295BF3C5B29</string>
			</array>
			<key>isa</key>
			<string>PBXGroup</string>
			<key>sourceTree</key>
			<string>&lt;group&gt;</string>
		</dict>
		<key>0B75F9171896E4B000BA44C8</key>
		<dict>
			<key>attributes</key>
			<dict>
				<key>CLASSPREFIX</key>
				<string>HappyWineTaster</string>
				<key>LastUpgradeCheck</key>
				<string>0500</string>
				<key>ORGANIZATIONNAME</key>
				<string>M.Shanken</string>
				<key>TargetAttributes</key>
				<dict>
					<key>0B75F93F1896E4B000BA44C8</key>
					<dict>
						<key>TestTargetID</key>
						<string>0B75F91E1896E4B000BA44C8</string>
					</dict>
				</dict>
			</dict>
			<key>buildConfigurationList</key>
			<string>0B75F91A1896E4B000BA44C8</string>
			<key>compatibilityVersion</key>
			<string>Xcode 3.2</string>
			<key>developmentRegion</key>
			<string>English</string>
			<key>hasScannedForEncodings</key>
			<string>0</string>
			<key>isa</key>
			<string>PBXProject</string>
			<key>knownRegions</key>
			<array>
				<string>en</string>
				<string>Base</string>
			</array>
			<key>mainGroup</key>
			<string>0B75F9161896E4B000BA44C8</string>
			<key>productRefGroup</key>
			<string>0B75F9201896E4B000BA44C8</string>
			<key>projectDirPath</key>
			<string></string>
			<key>projectReferences</key>
			<array/>
			<key>projectRoot</key>
			<string></string>
			<key>targets</key>
			<array>
				<string>0B75F91E1896E4B000BA44C8</string>
				<string>0B75F93F1896E4B000BA44C8</string>
			</array>
		</dict>
		<key>0B75F91A1896E4B000BA44C8</key>
		<dict>
			<key>buildConfigurations</key>
			<array>
				<string>0B75F94F1896E4B000BA44C8</string>
				<string>0B75F9501896E4B000BA44C8</string>
			</array>
			<key>defaultConfigurationIsVisible</key>
			<string>0</string>
			<key>defaultConfigurationName</key>
			<string>Release</string>
			<key>isa</key>
			<string>XCConfigurationList</string>
		</dict>
		<key>0B75F91B1896E4B000BA44C8</key>
		<dict>
			<key>buildActionMask</key>
			<string>2147483647</string>
			<key>files</key>
			<array>
				<string>0B8DDA4C18998076008A318D</string>
				<string>0BF32E4518A1737800CA021D</string>
				<string>0B75F92F1896E4B000BA44C8</string>
				<string>0B8DDA4F18998094008A318D</string>
				<string>0B8DDA57189984AB008A318D</string>
				<string>0B75F9391896E4B000BA44C8</string>
				<string>0BF32E4818A182C400CA021D</string>
				<string>0BF0F4B21897FE5D003C2EA1</string>
				<string>0B13366518A0064500747112</string>
				<string>0B13366818A0076100747112</string>
				<string>0B75F9331896E4B000BA44C8</string>
				<string>0BD7A0C618A425E500462B85</string>
				<string>0B1E035018A93F72005B966B</string>
			</array>
			<key>isa</key>
			<string>PBXSourcesBuildPhase</string>
			<key>runOnlyForDeploymentPostprocessing</key>
			<string>0</string>
		</dict>
		<key>0B75F91C1896E4B000BA44C8</key>
		<dict>
			<key>buildActionMask</key>
			<string>2147483647</string>
			<key>files</key>
			<array>
				<string>0BED2E8F189AEEA7004BE23F</string>
				<string>0B8DDA5118998208008A318D</string>
				<string>0B75F9251896E4B000BA44C8</string>
				<string>0B75F9271896E4B000BA44C8</string>
				<string>0B75F9231896E4B000BA44C8</string>
				<string>90B4707BE0774930839802F7</string>
			</array>
			<key>isa</key>
			<string>PBXFrameworksBuildPhase</string>
			<key>runOnlyForDeploymentPostprocessing</key>
			<string>0</string>
		</dict>
		<key>0B75F91D1896E4B000BA44C8</key>
		<dict>
			<key>buildActionMask</key>
			<string>2147483647</string>
			<key>files</key>
			<array>
				<string>0BF0F4B4189826A8003C2EA1</string>
				<string>0BD7A0BD18A3FB5D00462B85</string>
				<string>0B1E034B18A93F17005B966B</string>
				<string>0B75F93B1896E4B000BA44C8</string>
				<string>0B75F92D1896E4B000BA44C8</string>
				<string>0BEDD7BA189C401E0020907A</string>
				<string>0BD7A0BB18A3FB5500462B85</string>
				<string>0B1E034918A93F12005B966B</string>
				<string>0BD7A0BF18A3FB6100462B85</string>
				<string>0B1E034D18A93F3C005B966B</string>
				<string>0B1E033F18A93EDE005B966B</string>
				<string>0B1E033D18A93ED8005B966B</string>
				<string>0B1E035218A94781005B966B</string>
				<string>0B1E034318A93EEC005B966B</string>
				<string>0BD7A0B918A3FB4D00462B85</string>
				<string>0BD7A0C318A404ED00462B85</string>
				<string>0BF6A7C71899548D00B9BBB5</string>
				<string>0B75F9361896E4B000BA44C8</string>
				<string>0B1E034718A93EFA005B966B</string>
				<string>0BD7A0C118A4043400462B85</string>
				<string>0B1E034118A93EE7005B966B</string>
				<string>0B8DDA5C1899A717008A318D</string>
				<string>0BF32E4218A16D2C00CA021D</string>
				<string>0B1E034518A93EF1005B966B</string>
			</array>
			<key>isa</key>
			<string>PBXResourcesBuildPhase</string>
			<key>runOnlyForDeploymentPostprocessing</key>
			<string>0</string>
		</dict>
		<key>0B75F91E1896E4B000BA44C8</key>
		<dict>
			<key>buildConfigurationList</key>
			<string>0B75F9511896E4B000BA44C8</string>
			<key>buildPhases</key>
			<array>
				<string>36DAB84EE5B0412F84624CDB</string>
				<string>0B75F91B1896E4B000BA44C8</string>
				<string>0B75F91C1896E4B000BA44C8</string>
				<string>0B75F91D1896E4B000BA44C8</string>
				<string>879F3FEF720049F89F93D682</string>
			</array>
			<key>buildRules</key>
			<array/>
			<key>dependencies</key>
			<array/>
			<key>isa</key>
			<string>PBXNativeTarget</string>
			<key>name</key>
			<string>HappyWineTaster</string>
			<key>productName</key>
			<string>HappyWineTaster</string>
			<key>productReference</key>
			<string>0B75F91F1896E4B000BA44C8</string>
			<key>productType</key>
			<string>com.apple.product-type.application</string>
		</dict>
		<key>0B75F91F1896E4B000BA44C8</key>
		<dict>
			<key>explicitFileType</key>
			<string>wrapper.application</string>
			<key>includeInIndex</key>
			<string>0</string>
			<key>isa</key>
			<string>PBXFileReference</string>
			<key>path</key>
			<string>HappyWineTaster.app</string>
			<key>sourceTree</key>
			<string>BUILT_PRODUCTS_DIR</string>
		</dict>
		<key>0B75F9201896E4B000BA44C8</key>
		<dict>
			<key>children</key>
			<array>
				<string>0B75F91F1896E4B000BA44C8</string>
				<string>0B75F9401896E4B000BA44C8</string>
			</array>
			<key>isa</key>
			<string>PBXGroup</string>
			<key>name</key>
			<string>Products</string>
			<key>sourceTree</key>
			<string>&lt;group&gt;</string>
		</dict>
		<key>0B75F9211896E4B000BA44C8</key>
		<dict>
			<key>children</key>
			<array>
				<string>0BED2E8E189AEEA7004BE23F</string>
				<string>0B8DDA5018998208008A318D</string>
				<string>0B75F9221896E4B000BA44C8</string>
				<string>0B75F9241896E4B000BA44C8</string>
				<string>0B75F9261896E4B000BA44C8</string>
				<string>0B75F9411896E4B000BA44C8</string>
				<string>4BB657349F044A99ABEF8FC0</string>
			</array>
			<key>isa</key>
			<string>PBXGroup</string>
			<key>name</key>
			<string>Frameworks</string>
			<key>sourceTree</key>
			<string>&lt;group&gt;</string>
		</dict>
		<key>0B75F9221896E4B000BA44C8</key>
		<dict>
			<key>isa</key>
			<string>PBXFileReference</string>
			<key>lastKnownFileType</key>
			<string>wrapper.framework</string>
			<key>name</key>
			<string>Foundation.framework</string>
			<key>path</key>
			<string>System/Library/Frameworks/Foundation.framework</string>
			<key>sourceTree</key>
			<string>SDKROOT</string>
		</dict>
		<key>0B75F9231896E4B000BA44C8</key>
		<dict>
			<key>fileRef</key>
			<string>0B75F9221896E4B000BA44C8</string>
			<key>isa</key>
			<string>PBXBuildFile</string>
		</dict>
		<key>0B75F9241896E4B000BA44C8</key>
		<dict>
			<key>isa</key>
			<string>PBXFileReference</string>
			<key>lastKnownFileType</key>
			<string>wrapper.framework</string>
			<key>name</key>
			<string>CoreGraphics.framework</string>
			<key>path</key>
			<string>System/Library/Frameworks/CoreGraphics.framework</string>
			<key>sourceTree</key>
			<string>SDKROOT</string>
		</dict>
		<key>0B75F9251896E4B000BA44C8</key>
		<dict>
			<key>fileRef</key>
			<string>0B75F9241896E4B000BA44C8</string>
			<key>isa</key>
			<string>PBXBuildFile</string>
		</dict>
		<key>0B75F9261896E4B000BA44C8</key>
		<dict>
			<key>isa</key>
			<string>PBXFileReference</string>
			<key>lastKnownFileType</key>
			<string>wrapper.framework</string>
			<key>name</key>
			<string>UIKit.framework</string>
			<key>path</key>
			<string>System/Library/Frameworks/UIKit.framework</string>
			<key>sourceTree</key>
			<string>SDKROOT</string>
		</dict>
		<key>0B75F9271896E4B000BA44C8</key>
		<dict>
			<key>fileRef</key>
			<string>0B75F9261896E4B000BA44C8</string>
			<key>isa</key>
			<string>PBXBuildFile</string>
		</dict>
		<key>0B75F9281896E4B000BA44C8</key>
		<dict>
			<key>children</key>
			<array>
				<string>0B75F9341896E4B000BA44C8</string>
				<string>0B8DDA53189983F5008A318D</string>
				<string>0B8DDA4918998045008A318D</string>
				<string>0B8DDA5418998403008A318D</string>
				<string>0B13366918A0385E00747112</string>
				<string>0B75F93A1896E4B000BA44C8</string>
				<string>0B75F9291896E4B000BA44C8</string>
			</array>
			<key>isa</key>
			<string>PBXGroup</string>
			<key>path</key>
			<string>HappyWineTaster</string>
			<key>sourceTree</key>
			<string>&lt;group&gt;</string>
		</dict>
		<key>0B75F9291896E4B000BA44C8</key>
		<dict>
			<key>children</key>
			<array>
				<string>0BD7A0C218A404ED00462B85</string>
				<string>0BD7A0C018A4043400462B85</string>
				<string>0B1E033B18A93EC7005B966B</string>
				<string>0BD7A0BA18A3FB5500462B85</string>
				<string>0BD7A0BC18A3FB5D00462B85</string>
				<string>0BD7A0BE18A3FB6100462B85</string>
				<string>0BD7A0B818A3FB4D00462B85</string>
				<string>0BF6A7C61899548D00B9BBB5</string>
				<string>0BF0F4B3189826A8003C2EA1</string>
				<string>0B8DDA5B1899A717008A318D</string>
				<string>0BF32E4118A16D2C00CA021D</string>
				<string>0BEDD7B9189C401E0020907A</string>
				<string>0B75F92A1896E4B000BA44C8</string>
				<string>0B75F92B1896E4B000BA44C8</string>
				<string>0B75F92E1896E4B000BA44C8</string>
				<string>0B75F9301896E4B000BA44C8</string>
			</array>
			<key>isa</key>
			<string>PBXGroup</string>
			<key>name</key>
			<string>Supporting Files</string>
			<key>sourceTree</key>
			<string>&lt;group&gt;</string>
		</dict>
		<key>0B75F92A1896E4B000BA44C8</key>
		<dict>
			<key>isa</key>
			<string>PBXFileReference</string>
			<key>lastKnownFileType</key>
			<string>text.plist.xml</string>
			<key>path</key>
			<string>HappyWineTaster-Info.plist</string>
			<key>sourceTree</key>
			<string>&lt;group&gt;</string>
		</dict>
		<key>0B75F92B1896E4B000BA44C8</key>
		<dict>
			<key>children</key>
			<array>
				<string>0B75F92C1896E4B000BA44C8</string>
			</array>
			<key>isa</key>
			<string>PBXVariantGroup</string>
			<key>name</key>
			<string>InfoPlist.strings</string>
			<key>sourceTree</key>
			<string>&lt;group&gt;</string>
		</dict>
		<key>0B75F92C1896E4B000BA44C8</key>
		<dict>
			<key>isa</key>
			<string>PBXFileReference</string>
			<key>lastKnownFileType</key>
			<string>text.plist.strings</string>
			<key>name</key>
			<string>en</string>
			<key>path</key>
			<string>en.lproj/InfoPlist.strings</string>
			<key>sourceTree</key>
			<string>&lt;group&gt;</string>
		</dict>
		<key>0B75F92D1896E4B000BA44C8</key>
		<dict>
			<key>fileRef</key>
			<string>0B75F92B1896E4B000BA44C8</string>
			<key>isa</key>
			<string>PBXBuildFile</string>
		</dict>
		<key>0B75F92E1896E4B000BA44C8</key>
		<dict>
			<key>isa</key>
			<string>PBXFileReference</string>
			<key>lastKnownFileType</key>
			<string>sourcecode.c.objc</string>
			<key>path</key>
			<string>main.m</string>
			<key>sourceTree</key>
			<string>&lt;group&gt;</string>
		</dict>
		<key>0B75F92F1896E4B000BA44C8</key>
		<dict>
			<key>fileRef</key>
			<string>0B75F92E1896E4B000BA44C8</string>
			<key>isa</key>
			<string>PBXBuildFile</string>
		</dict>
		<key>0B75F9301896E4B000BA44C8</key>
		<dict>
			<key>isa</key>
			<string>PBXFileReference</string>
			<key>lastKnownFileType</key>
			<string>sourcecode.c.h</string>
			<key>path</key>
			<string>HappyWineTaster-Prefix.pch</string>
			<key>sourceTree</key>
			<string>&lt;group&gt;</string>
		</dict>
		<key>0B75F9311896E4B000BA44C8</key>
		<dict>
			<key>isa</key>
			<string>PBXFileReference</string>
			<key>lastKnownFileType</key>
			<string>sourcecode.c.h</string>
			<key>path</key>
			<string>HappyWineTasterAppDelegate.h</string>
			<key>sourceTree</key>
			<string>&lt;group&gt;</string>
		</dict>
		<key>0B75F9321896E4B000BA44C8</key>
		<dict>
			<key>isa</key>
			<string>PBXFileReference</string>
			<key>lastKnownFileType</key>
			<string>sourcecode.c.objc</string>
			<key>path</key>
			<string>HappyWineTasterAppDelegate.m</string>
			<key>sourceTree</key>
			<string>&lt;group&gt;</string>
		</dict>
		<key>0B75F9331896E4B000BA44C8</key>
		<dict>
			<key>fileRef</key>
			<string>0B75F9321896E4B000BA44C8</string>
			<key>isa</key>
			<string>PBXBuildFile</string>
		</dict>
		<key>0B75F9341896E4B000BA44C8</key>
		<dict>
			<key>children</key>
			<array>
				<string>0B75F9351896E4B000BA44C8</string>
			</array>
			<key>isa</key>
			<string>PBXVariantGroup</string>
			<key>name</key>
			<string>Main.storyboard</string>
			<key>sourceTree</key>
			<string>&lt;group&gt;</string>
		</dict>
		<key>0B75F9351896E4B000BA44C8</key>
		<dict>
			<key>isa</key>
			<string>PBXFileReference</string>
			<key>lastKnownFileType</key>
			<string>file.storyboard</string>
			<key>name</key>
			<string>Base</string>
			<key>path</key>
			<string>Base.lproj/Main.storyboard</string>
			<key>sourceTree</key>
			<string>&lt;group&gt;</string>
		</dict>
		<key>0B75F9361896E4B000BA44C8</key>
		<dict>
			<key>fileRef</key>
			<string>0B75F9341896E4B000BA44C8</string>
			<key>isa</key>
			<string>PBXBuildFile</string>
		</dict>
		<key>0B75F9371896E4B000BA44C8</key>
		<dict>
			<key>isa</key>
			<string>PBXFileReference</string>
			<key>lastKnownFileType</key>
			<string>sourcecode.c.h</string>
			<key>path</key>
			<string>HappyWineTasterViewController.h</string>
			<key>sourceTree</key>
			<string>&lt;group&gt;</string>
		</dict>
		<key>0B75F9381896E4B000BA44C8</key>
		<dict>
			<key>isa</key>
			<string>PBXFileReference</string>
			<key>lastKnownFileType</key>
			<string>sourcecode.c.objc</string>
			<key>path</key>
			<string>HappyWineTasterViewController.m</string>
			<key>sourceTree</key>
			<string>&lt;group&gt;</string>
		</dict>
		<key>0B75F9391896E4B000BA44C8</key>
		<dict>
			<key>fileRef</key>
			<string>0B75F9381896E4B000BA44C8</string>
			<key>isa</key>
			<string>PBXBuildFile</string>
		</dict>
		<key>0B75F93A1896E4B000BA44C8</key>
		<dict>
			<key>isa</key>
			<string>PBXFileReference</string>
			<key>lastKnownFileType</key>
			<string>folder.assetcatalog</string>
			<key>path</key>
			<string>Images.xcassets</string>
			<key>sourceTree</key>
			<string>&lt;group&gt;</string>
		</dict>
		<key>0B75F93B1896E4B000BA44C8</key>
		<dict>
			<key>fileRef</key>
			<string>0B75F93A1896E4B000BA44C8</string>
			<key>isa</key>
			<string>PBXBuildFile</string>
		</dict>
		<key>0B75F93C1896E4B000BA44C8</key>
		<dict>
			<key>buildActionMask</key>
			<string>2147483647</string>
			<key>files</key>
			<array>
				<string>0B75F94E1896E4B000BA44C8</string>
			</array>
			<key>isa</key>
			<string>PBXSourcesBuildPhase</string>
			<key>runOnlyForDeploymentPostprocessing</key>
			<string>0</string>
		</dict>
		<key>0B75F93D1896E4B000BA44C8</key>
		<dict>
			<key>buildActionMask</key>
			<string>2147483647</string>
			<key>files</key>
			<array>
				<string>0B75F9421896E4B000BA44C8</string>
				<string>0B75F9441896E4B000BA44C8</string>
				<string>0B75F9431896E4B000BA44C8</string>
			</array>
			<key>isa</key>
			<string>PBXFrameworksBuildPhase</string>
			<key>runOnlyForDeploymentPostprocessing</key>
			<string>0</string>
		</dict>
		<key>0B75F93E1896E4B000BA44C8</key>
		<dict>
			<key>buildActionMask</key>
			<string>2147483647</string>
			<key>files</key>
			<array>
				<string>0B75F94C1896E4B000BA44C8</string>
			</array>
			<key>isa</key>
			<string>PBXResourcesBuildPhase</string>
			<key>runOnlyForDeploymentPostprocessing</key>
			<string>0</string>
		</dict>
		<key>0B75F93F1896E4B000BA44C8</key>
		<dict>
			<key>buildConfigurationList</key>
			<string>0B75F9541896E4B000BA44C8</string>
			<key>buildPhases</key>
			<array>
				<string>0B75F93C1896E4B000BA44C8</string>
				<string>0B75F93D1896E4B000BA44C8</string>
				<string>0B75F93E1896E4B000BA44C8</string>
			</array>
			<key>buildRules</key>
			<array/>
			<key>dependencies</key>
			<array>
				<string>0B75F9461896E4B000BA44C8</string>
			</array>
			<key>isa</key>
			<string>PBXNativeTarget</string>
			<key>name</key>
			<string>HappyWineTasterTests</string>
			<key>productName</key>
			<string>HappyWineTasterTests</string>
			<key>productReference</key>
			<string>0B75F9401896E4B000BA44C8</string>
			<key>productType</key>
			<string>com.apple.product-type.bundle.unit-test</string>
		</dict>
		<key>0B75F9401896E4B000BA44C8</key>
		<dict>
			<key>explicitFileType</key>
			<string>wrapper.cfbundle</string>
			<key>includeInIndex</key>
			<string>0</string>
			<key>isa</key>
			<string>PBXFileReference</string>
			<key>path</key>
			<string>HappyWineTasterTests.xctest</string>
			<key>sourceTree</key>
			<string>BUILT_PRODUCTS_DIR</string>
		</dict>
		<key>0B75F9411896E4B000BA44C8</key>
		<dict>
			<key>isa</key>
			<string>PBXFileReference</string>
			<key>lastKnownFileType</key>
			<string>wrapper.framework</string>
			<key>name</key>
			<string>XCTest.framework</string>
			<key>path</key>
			<string>Library/Frameworks/XCTest.framework</string>
			<key>sourceTree</key>
			<string>DEVELOPER_DIR</string>
		</dict>
		<key>0B75F9421896E4B000BA44C8</key>
		<dict>
			<key>fileRef</key>
			<string>0B75F9411896E4B000BA44C8</string>
			<key>isa</key>
			<string>PBXBuildFile</string>
		</dict>
		<key>0B75F9431896E4B000BA44C8</key>
		<dict>
			<key>fileRef</key>
			<string>0B75F9221896E4B000BA44C8</string>
			<key>isa</key>
			<string>PBXBuildFile</string>
		</dict>
		<key>0B75F9441896E4B000BA44C8</key>
		<dict>
			<key>fileRef</key>
			<string>0B75F9261896E4B000BA44C8</string>
			<key>isa</key>
			<string>PBXBuildFile</string>
		</dict>
		<key>0B75F9451896E4B000BA44C8</key>
		<dict>
			<key>containerPortal</key>
			<string>0B75F9171896E4B000BA44C8</string>
			<key>isa</key>
			<string>PBXContainerItemProxy</string>
			<key>proxyType</key>
			<string>1</string>
			<key>remoteGlobalIDString</key>
			<string>0B75F91E1896E4B000BA44C8</string>
			<key>remoteInfo</key>
			<string>HappyWineTaster</string>
		</dict>
		<key>0B75F9461896E4B000BA44C8</key>
		<dict>
			<key>isa</key>
			<string>PBXTargetDependency</string>
			<key>target</key>
			<string>0B75F91E1896E4B000BA44C8</string>
			<key>targetProxy</key>
			<string>0B75F9451896E4B000BA44C8</string>
		</dict>
		<key>0B75F9471896E4B000BA44C8</key>
		<dict>
			<key>children</key>
			<array>
				<string>0B75F94D1896E4B000BA44C8</string>
				<string>0B75F9481896E4B000BA44C8</string>
			</array>
			<key>isa</key>
			<string>PBXGroup</string>
			<key>path</key>
			<string>HappyWineTasterTests</string>
			<key>sourceTree</key>
			<string>&lt;group&gt;</string>
		</dict>
		<key>0B75F9481896E4B000BA44C8</key>
		<dict>
			<key>children</key>
			<array>
				<string>0B75F9491896E4B000BA44C8</string>
				<string>0B75F94A1896E4B000BA44C8</string>
			</array>
			<key>isa</key>
			<string>PBXGroup</string>
			<key>name</key>
			<string>Supporting Files</string>
			<key>sourceTree</key>
			<string>&lt;group&gt;</string>
		</dict>
		<key>0B75F9491896E4B000BA44C8</key>
		<dict>
			<key>isa</key>
			<string>PBXFileReference</string>
			<key>lastKnownFileType</key>
			<string>text.plist.xml</string>
			<key>path</key>
			<string>HappyWineTasterTests-Info.plist</string>
			<key>sourceTree</key>
			<string>&lt;group&gt;</string>
		</dict>
		<key>0B75F94A1896E4B000BA44C8</key>
		<dict>
			<key>children</key>
			<array>
				<string>0B75F94B1896E4B000BA44C8</string>
			</array>
			<key>isa</key>
			<string>PBXVariantGroup</string>
			<key>name</key>
			<string>InfoPlist.strings</string>
			<key>sourceTree</key>
			<string>&lt;group&gt;</string>
		</dict>
		<key>0B75F94B1896E4B000BA44C8</key>
		<dict>
			<key>isa</key>
			<string>PBXFileReference</string>
			<key>lastKnownFileType</key>
			<string>text.plist.strings</string>
			<key>name</key>
			<string>en</string>
			<key>path</key>
			<string>en.lproj/InfoPlist.strings</string>
			<key>sourceTree</key>
			<string>&lt;group&gt;</string>
		</dict>
		<key>0B75F94C1896E4B000BA44C8</key>
		<dict>
			<key>fileRef</key>
			<string>0B75F94A1896E4B000BA44C8</string>
			<key>isa</key>
			<string>PBXBuildFile</string>
		</dict>
		<key>0B75F94D1896E4B000BA44C8</key>
		<dict>
			<key>isa</key>
			<string>PBXFileReference</string>
			<key>lastKnownFileType</key>
			<string>sourcecode.c.objc</string>
			<key>path</key>
			<string>HappyWineTasterTests.m</string>
			<key>sourceTree</key>
			<string>&lt;group&gt;</string>
		</dict>
		<key>0B75F94E1896E4B000BA44C8</key>
		<dict>
			<key>fileRef</key>
			<string>0B75F94D1896E4B000BA44C8</string>
			<key>isa</key>
			<string>PBXBuildFile</string>
		</dict>
		<key>0B75F94F1896E4B000BA44C8</key>
		<dict>
			<key>buildSettings</key>
			<dict>
				<key>ALWAYS_SEARCH_USER_PATHS</key>
				<string>NO</string>
				<key>ARCHS</key>
				<string>$(ARCHS_STANDARD_INCLUDING_64_BIT)</string>
				<key>CLANG_CXX_LANGUAGE_STANDARD</key>
				<string>gnu++0x</string>
				<key>CLANG_CXX_LIBRARY</key>
				<string>libc++</string>
				<key>CLANG_ENABLE_MODULES</key>
				<string>YES</string>
				<key>CLANG_ENABLE_OBJC_ARC</key>
				<string>YES</string>
				<key>CLANG_WARN_BOOL_CONVERSION</key>
				<string>YES</string>
				<key>CLANG_WARN_CONSTANT_CONVERSION</key>
				<string>YES</string>
				<key>CLANG_WARN_DIRECT_OBJC_ISA_USAGE</key>
				<string>YES_ERROR</string>
				<key>CLANG_WARN_EMPTY_BODY</key>
				<string>YES</string>
				<key>CLANG_WARN_ENUM_CONVERSION</key>
				<string>YES</string>
				<key>CLANG_WARN_INT_CONVERSION</key>
				<string>YES</string>
				<key>CLANG_WARN_OBJC_ROOT_CLASS</key>
				<string>YES_ERROR</string>
				<key>CLANG_WARN__DUPLICATE_METHOD_MATCH</key>
				<string>YES</string>
				<key>CODE_SIGN_IDENTITY[sdk=iphoneos*]</key>
				<string>iPhone Developer</string>
				<key>COPY_PHASE_STRIP</key>
				<string>NO</string>
				<key>GCC_C_LANGUAGE_STANDARD</key>
				<string>gnu99</string>
				<key>GCC_DYNAMIC_NO_PIC</key>
				<string>NO</string>
				<key>GCC_OPTIMIZATION_LEVEL</key>
				<string>0</string>
				<key>GCC_PREPROCESSOR_DEFINITIONS</key>
				<array>
					<string>DEBUG=1</string>
					<string>$(inherited)</string>
				</array>
				<key>GCC_SYMBOLS_PRIVATE_EXTERN</key>
				<string>NO</string>
				<key>GCC_WARN_64_TO_32_BIT_CONVERSION</key>
				<string>YES</string>
				<key>GCC_WARN_ABOUT_RETURN_TYPE</key>
				<string>YES_ERROR</string>
				<key>GCC_WARN_UNDECLARED_SELECTOR</key>
				<string>YES</string>
				<key>GCC_WARN_UNINITIALIZED_AUTOS</key>
				<string>YES</string>
				<key>GCC_WARN_UNUSED_FUNCTION</key>
				<string>YES</string>
				<key>GCC_WARN_UNUSED_VARIABLE</key>
				<string>YES</string>
				<key>IPHONEOS_DEPLOYMENT_TARGET</key>
				<string>7.0</string>
				<key>ONLY_ACTIVE_ARCH</key>
				<string>YES</string>
				<key>SDKROOT</key>
				<string>iphoneos</string>
			</dict>
			<key>isa</key>
			<string>XCBuildConfiguration</string>
			<key>name</key>
			<string>Debug</string>
		</dict>
		<key>0B75F9501896E4B000BA44C8</key>
		<dict>
			<key>buildSettings</key>
			<dict>
				<key>ALWAYS_SEARCH_USER_PATHS</key>
				<string>NO</string>
				<key>ARCHS</key>
				<string>$(ARCHS_STANDARD_INCLUDING_64_BIT)</string>
				<key>CLANG_CXX_LANGUAGE_STANDARD</key>
				<string>gnu++0x</string>
				<key>CLANG_CXX_LIBRARY</key>
				<string>libc++</string>
				<key>CLANG_ENABLE_MODULES</key>
				<string>YES</string>
				<key>CLANG_ENABLE_OBJC_ARC</key>
				<string>YES</string>
				<key>CLANG_WARN_BOOL_CONVERSION</key>
				<string>YES</string>
				<key>CLANG_WARN_CONSTANT_CONVERSION</key>
				<string>YES</string>
				<key>CLANG_WARN_DIRECT_OBJC_ISA_USAGE</key>
				<string>YES_ERROR</string>
				<key>CLANG_WARN_EMPTY_BODY</key>
				<string>YES</string>
				<key>CLANG_WARN_ENUM_CONVERSION</key>
				<string>YES</string>
				<key>CLANG_WARN_INT_CONVERSION</key>
				<string>YES</string>
				<key>CLANG_WARN_OBJC_ROOT_CLASS</key>
				<string>YES_ERROR</string>
				<key>CLANG_WARN__DUPLICATE_METHOD_MATCH</key>
				<string>YES</string>
				<key>CODE_SIGN_IDENTITY[sdk=iphoneos*]</key>
				<string>iPhone Developer</string>
				<key>COPY_PHASE_STRIP</key>
				<string>YES</string>
				<key>ENABLE_NS_ASSERTIONS</key>
				<string>NO</string>
				<key>GCC_C_LANGUAGE_STANDARD</key>
				<string>gnu99</string>
				<key>GCC_WARN_64_TO_32_BIT_CONVERSION</key>
				<string>YES</string>
				<key>GCC_WARN_ABOUT_RETURN_TYPE</key>
				<string>YES_ERROR</string>
				<key>GCC_WARN_UNDECLARED_SELECTOR</key>
				<string>YES</string>
				<key>GCC_WARN_UNINITIALIZED_AUTOS</key>
				<string>YES</string>
				<key>GCC_WARN_UNUSED_FUNCTION</key>
				<string>YES</string>
				<key>GCC_WARN_UNUSED_VARIABLE</key>
				<string>YES</string>
				<key>IPHONEOS_DEPLOYMENT_TARGET</key>
				<string>7.0</string>
				<key>SDKROOT</key>
				<string>iphoneos</string>
				<key>VALIDATE_PRODUCT</key>
				<string>YES</string>
			</dict>
			<key>isa</key>
			<string>XCBuildConfiguration</string>
			<key>name</key>
			<string>Release</string>
		</dict>
		<key>0B75F9511896E4B000BA44C8</key>
		<dict>
			<key>buildConfigurations</key>
			<array>
				<string>0B75F9521896E4B000BA44C8</string>
				<string>0B75F9531896E4B000BA44C8</string>
			</array>
			<key>defaultConfigurationIsVisible</key>
			<string>0</string>
			<key>defaultConfigurationName</key>
			<string>Release</string>
			<key>isa</key>
			<string>XCConfigurationList</string>
		</dict>
		<key>0B75F9521896E4B000BA44C8</key>
		<dict>
			<key>baseConfigurationReference</key>
			<string>24F22FD0AE8B4295BF3C5B29</string>
			<key>buildSettings</key>
			<dict>
				<key>ASSETCATALOG_COMPILER_APPICON_NAME</key>
				<string>AppIcon</string>
				<key>ASSETCATALOG_COMPILER_LAUNCHIMAGE_NAME</key>
				<string>LaunchImage</string>
				<key>GCC_PRECOMPILE_PREFIX_HEADER</key>
				<string>YES</string>
				<key>GCC_PREFIX_HEADER</key>
				<string>HappyWineTaster/HappyWineTaster-Prefix.pch</string>
				<key>INFOPLIST_FILE</key>
				<string>HappyWineTaster/HappyWineTaster-Info.plist</string>
				<key>PRODUCT_NAME</key>
				<string>$(TARGET_NAME)</string>
				<key>WRAPPER_EXTENSION</key>
				<string>app</string>
			</dict>
			<key>isa</key>
			<string>XCBuildConfiguration</string>
			<key>name</key>
			<string>Debug</string>
		</dict>
		<key>0B75F9531896E4B000BA44C8</key>
		<dict>
			<key>baseConfigurationReference</key>
			<string>24F22FD0AE8B4295BF3C5B29</string>
			<key>buildSettings</key>
			<dict>
				<key>ASSETCATALOG_COMPILER_APPICON_NAME</key>
				<string>AppIcon</string>
				<key>ASSETCATALOG_COMPILER_LAUNCHIMAGE_NAME</key>
				<string>LaunchImage</string>
				<key>GCC_PRECOMPILE_PREFIX_HEADER</key>
				<string>YES</string>
				<key>GCC_PREFIX_HEADER</key>
				<string>HappyWineTaster/HappyWineTaster-Prefix.pch</string>
				<key>INFOPLIST_FILE</key>
				<string>HappyWineTaster/HappyWineTaster-Info.plist</string>
				<key>PRODUCT_NAME</key>
				<string>$(TARGET_NAME)</string>
				<key>WRAPPER_EXTENSION</key>
				<string>app</string>
			</dict>
			<key>isa</key>
			<string>XCBuildConfiguration</string>
			<key>name</key>
			<string>Release</string>
		</dict>
		<key>0B75F9541896E4B000BA44C8</key>
		<dict>
			<key>buildConfigurations</key>
			<array>
				<string>0B75F9551896E4B000BA44C8</string>
				<string>0B75F9561896E4B000BA44C8</string>
			</array>
			<key>defaultConfigurationIsVisible</key>
			<string>0</string>
			<key>defaultConfigurationName</key>
			<string>Release</string>
			<key>isa</key>
			<string>XCConfigurationList</string>
		</dict>
		<key>0B75F9551896E4B000BA44C8</key>
		<dict>
			<key>buildSettings</key>
			<dict>
				<key>ARCHS</key>
				<string>$(ARCHS_STANDARD_INCLUDING_64_BIT)</string>
				<key>BUNDLE_LOADER</key>
				<string>$(BUILT_PRODUCTS_DIR)/HappyWineTaster.app/HappyWineTaster</string>
				<key>FRAMEWORK_SEARCH_PATHS</key>
				<array>
					<string>$(SDKROOT)/Developer/Library/Frameworks</string>
					<string>$(inherited)</string>
					<string>$(DEVELOPER_FRAMEWORKS_DIR)</string>
				</array>
				<key>GCC_PRECOMPILE_PREFIX_HEADER</key>
				<string>YES</string>
				<key>GCC_PREFIX_HEADER</key>
				<string>HappyWineTaster/HappyWineTaster-Prefix.pch</string>
				<key>GCC_PREPROCESSOR_DEFINITIONS</key>
				<array>
					<string>DEBUG=1</string>
					<string>$(inherited)</string>
				</array>
				<key>INFOPLIST_FILE</key>
				<string>HappyWineTasterTests/HappyWineTasterTests-Info.plist</string>
				<key>PRODUCT_NAME</key>
				<string>$(TARGET_NAME)</string>
				<key>TEST_HOST</key>
				<string>$(BUNDLE_LOADER)</string>
				<key>WRAPPER_EXTENSION</key>
				<string>xctest</string>
			</dict>
			<key>isa</key>
			<string>XCBuildConfiguration</string>
			<key>name</key>
			<string>Debug</string>
		</dict>
		<key>0B75F9561896E4B000BA44C8</key>
		<dict>
			<key>buildSettings</key>
			<dict>
				<key>ARCHS</key>
				<string>$(ARCHS_STANDARD_INCLUDING_64_BIT)</string>
				<key>BUNDLE_LOADER</key>
				<string>$(BUILT_PRODUCTS_DIR)/HappyWineTaster.app/HappyWineTaster</string>
				<key>FRAMEWORK_SEARCH_PATHS</key>
				<array>
					<string>$(SDKROOT)/Developer/Library/Frameworks</string>
					<string>$(inherited)</string>
					<string>$(DEVELOPER_FRAMEWORKS_DIR)</string>
				</array>
				<key>GCC_PRECOMPILE_PREFIX_HEADER</key>
				<string>YES</string>
				<key>GCC_PREFIX_HEADER</key>
				<string>HappyWineTaster/HappyWineTaster-Prefix.pch</string>
				<key>INFOPLIST_FILE</key>
				<string>HappyWineTasterTests/HappyWineTasterTests-Info.plist</string>
				<key>PRODUCT_NAME</key>
				<string>$(TARGET_NAME)</string>
				<key>TEST_HOST</key>
				<string>$(BUNDLE_LOADER)</string>
				<key>WRAPPER_EXTENSION</key>
				<string>xctest</string>
			</dict>
			<key>isa</key>
			<string>XCBuildConfiguration</string>
			<key>name</key>
			<string>Release</string>
		</dict>
		<key>0B8DDA4918998045008A318D</key>
		<dict>
			<key>children</key>
			<array>
				<string>0B75F9371896E4B000BA44C8</string>
				<string>0B75F9381896E4B000BA44C8</string>
				<string>0B8DDA4A18998076008A318D</string>
				<string>0B8DDA4B18998076008A318D</string>
				<string>0B8DDA4D18998094008A318D</string>
				<string>0B8DDA4E18998094008A318D</string>
				<string>0BD7A0C418A425E500462B85</string>
				<string>0BD7A0C518A425E500462B85</string>
				<string>0B75F9311896E4B000BA44C8</string>
				<string>0B75F9321896E4B000BA44C8</string>
			</array>
			<key>isa</key>
			<string>PBXGroup</string>
			<key>name</key>
			<string>Controller</string>
			<key>sourceTree</key>
			<string>&lt;group&gt;</string>
		</dict>
		<key>0B8DDA4A18998076008A318D</key>
		<dict>
			<key>fileEncoding</key>
			<string>4</string>
			<key>isa</key>
			<string>PBXFileReference</string>
			<key>lastKnownFileType</key>
			<string>sourcecode.c.h</string>
			<key>path</key>
			<string>FindMeViewController.h</string>
			<key>sourceTree</key>
			<string>&lt;group&gt;</string>
		</dict>
		<key>0B8DDA4B18998076008A318D</key>
		<dict>
			<key>fileEncoding</key>
			<string>4</string>
			<key>isa</key>
			<string>PBXFileReference</string>
			<key>lastKnownFileType</key>
			<string>sourcecode.c.objc</string>
			<key>path</key>
			<string>FindMeViewController.m</string>
			<key>sourceTree</key>
			<string>&lt;group&gt;</string>
		</dict>
		<key>0B8DDA4C18998076008A318D</key>
		<dict>
			<key>fileRef</key>
			<string>0B8DDA4B18998076008A318D</string>
			<key>isa</key>
			<string>PBXBuildFile</string>
		</dict>
		<key>0B8DDA4D18998094008A318D</key>
		<dict>
			<key>fileEncoding</key>
			<string>4</string>
			<key>isa</key>
			<string>PBXFileReference</string>
			<key>lastKnownFileType</key>
			<string>sourcecode.c.h</string>
			<key>path</key>
			<string>GrapeTreeViewController.h</string>
			<key>sourceTree</key>
			<string>&lt;group&gt;</string>
		</dict>
		<key>0B8DDA4E18998094008A318D</key>
		<dict>
			<key>fileEncoding</key>
			<string>4</string>
			<key>isa</key>
			<string>PBXFileReference</string>
			<key>lastKnownFileType</key>
			<string>sourcecode.c.objc</string>
			<key>path</key>
			<string>GrapeTreeViewController.m</string>
			<key>sourceTree</key>
			<string>&lt;group&gt;</string>
		</dict>
		<key>0B8DDA4F18998094008A318D</key>
		<dict>
			<key>fileRef</key>
			<string>0B8DDA4E18998094008A318D</string>
			<key>isa</key>
			<string>PBXBuildFile</string>
		</dict>
		<key>0B8DDA5018998208008A318D</key>
		<dict>
			<key>isa</key>
			<string>PBXFileReference</string>
			<key>lastKnownFileType</key>
			<string>wrapper.framework</string>
			<key>name</key>
			<string>MapKit.framework</string>
			<key>path</key>
			<string>System/Library/Frameworks/MapKit.framework</string>
			<key>sourceTree</key>
			<string>SDKROOT</string>
		</dict>
		<key>0B8DDA5118998208008A318D</key>
		<dict>
			<key>fileRef</key>
			<string>0B8DDA5018998208008A318D</string>
			<key>isa</key>
			<string>PBXBuildFile</string>
		</dict>
		<key>0B8DDA53189983F5008A318D</key>
		<dict>
			<key>children</key>
			<array>
				<string>0BF0F4B01897FE5D003C2EA1</string>
				<string>0BF0F4B11897FE5D003C2EA1</string>
				<string>0B13366618A0076100747112</string>
				<string>0B13366718A0076100747112</string>
				<string>0B1E034E18A93F72005B966B</string>
				<string>0B1E034F18A93F72005B966B</string>
			</array>
			<key>isa</key>
			<string>PBXGroup</string>
			<key>name</key>
			<string>Action</string>
			<key>sourceTree</key>
			<string>&lt;group&gt;</string>
		</dict>
		<key>0B8DDA5418998403008A318D</key>
		<dict>
			<key>children</key>
			<array>
				<string>0BF32E4318A1737800CA021D</string>
				<string>0BF32E4418A1737800CA021D</string>
				<string>0B13366318A0064500747112</string>
				<string>0B13366418A0064500747112</string>
				<string>0B8DDA55189984AB008A318D</string>
				<string>0B8DDA56189984AB008A318D</string>
			</array>
			<key>isa</key>
			<string>PBXGroup</string>
			<key>name</key>
			<string>Model</string>
			<key>sourceTree</key>
			<string>&lt;group&gt;</string>
		</dict>
		<key>0B8DDA55189984AB008A318D</key>
		<dict>
			<key>fileEncoding</key>
			<string>4</string>
			<key>isa</key>
			<string>PBXFileReference</string>
			<key>lastKnownFileType</key>
			<string>sourcecode.c.h</string>
			<key>path</key>
			<string>WineTasterInformation.h</string>
			<key>sourceTree</key>
			<string>&lt;group&gt;</string>
		</dict>
		<key>0B8DDA56189984AB008A318D</key>
		<dict>
			<key>fileEncoding</key>
			<string>4</string>
			<key>isa</key>
			<string>PBXFileReference</string>
			<key>lastKnownFileType</key>
			<string>sourcecode.c.objc</string>
			<key>path</key>
			<string>WineTasterInformation.m</string>
			<key>sourceTree</key>
			<string>&lt;group&gt;</string>
		</dict>
		<key>0B8DDA57189984AB008A318D</key>
		<dict>
			<key>fileRef</key>
			<string>0B8DDA56189984AB008A318D</string>
			<key>isa</key>
			<string>PBXBuildFile</string>
		</dict>
		<key>0B8DDA5B1899A717008A318D</key>
		<dict>
			<key>fileEncoding</key>
			<string>4</string>
			<key>isa</key>
			<string>PBXFileReference</string>
			<key>lastKnownFileType</key>
			<string>text.plist.xml</string>
			<key>path</key>
			<string>WineTasterInformation.plist</string>
			<key>sourceTree</key>
			<string>&lt;group&gt;</string>
		</dict>
		<key>0B8DDA5C1899A717008A318D</key>
		<dict>
			<key>fileRef</key>
			<string>0B8DDA5B1899A717008A318D</string>
			<key>isa</key>
			<string>PBXBuildFile</string>
		</dict>
		<key>0BD7A0B818A3FB4D00462B85</key>
		<dict>
			<key>isa</key>
			<string>PBXFileReference</string>
			<key>lastKnownFileType</key>
			<string>image.png</string>
			<key>path</key>
			<string>LadyDrink.png</string>
			<key>sourceTree</key>
			<string>&lt;group&gt;</string>
		</dict>
		<key>0BD7A0B918A3FB4D00462B85</key>
		<dict>
			<key>fileRef</key>
			<string>0BD7A0B818A3FB4D00462B85</string>
			<key>isa</key>
			<string>PBXBuildFile</string>
		</dict>
		<key>0BD7A0BA18A3FB5500462B85</key>
		<dict>
			<key>isa</key>
			<string>PBXFileReference</string>
			<key>lastKnownFileType</key>
			<string>image.png</string>
			<key>path</key>
			<string>wineBeauty.png</string>
			<key>sourceTree</key>
			<string>&lt;group&gt;</string>
		</dict>
		<key>0BD7A0BB18A3FB5500462B85</key>
		<dict>
			<key>fileRef</key>
			<string>0BD7A0BA18A3FB5500462B85</string>
			<key>isa</key>
			<string>PBXBuildFile</string>
		</dict>
		<key>0BD7A0BC18A3FB5D00462B85</key>
		<dict>
			<key>isa</key>
			<string>PBXFileReference</string>
			<key>lastKnownFileType</key>
			<string>image.png</string>
			<key>path</key>
			<string>splitWine.png</string>
			<key>sourceTree</key>
			<string>&lt;group&gt;</string>
		</dict>
		<key>0BD7A0BD18A3FB5D00462B85</key>
		<dict>
			<key>fileRef</key>
			<string>0BD7A0BC18A3FB5D00462B85</string>
			<key>isa</key>
			<string>PBXBuildFile</string>
		</dict>
		<key>0BD7A0BE18A3FB6100462B85</key>
		<dict>
			<key>isa</key>
			<string>PBXFileReference</string>
			<key>lastKnownFileType</key>
			<string>image.png</string>
			<key>path</key>
			<string>wineGrape.png</string>
			<key>sourceTree</key>
			<string>&lt;group&gt;</string>
		</dict>
		<key>0BD7A0BF18A3FB6100462B85</key>
		<dict>
			<key>fileRef</key>
			<string>0BD7A0BE18A3FB6100462B85</string>
			<key>isa</key>
			<string>PBXBuildFile</string>
		</dict>
		<key>0BD7A0C018A4043400462B85</key>
		<dict>
			<key>isa</key>
			<string>PBXFileReference</string>
			<key>lastKnownFileType</key>
			<string>image.png</string>
			<key>path</key>
			<string>header.png</string>
			<key>sourceTree</key>
			<string>&lt;group&gt;</string>
		</dict>
		<key>0BD7A0C118A4043400462B85</key>
		<dict>
			<key>fileRef</key>
			<string>0BD7A0C018A4043400462B85</string>
			<key>isa</key>
			<string>PBXBuildFile</string>
		</dict>
		<key>0BD7A0C218A404ED00462B85</key>
		<dict>
			<key>isa</key>
			<string>PBXFileReference</string>
			<key>lastKnownFileType</key>
			<string>image.png</string>
			<key>path</key>
			<string>mainBackground.png</string>
			<key>sourceTree</key>
			<string>&lt;group&gt;</string>
		</dict>
		<key>0BD7A0C318A404ED00462B85</key>
		<dict>
			<key>fileRef</key>
			<string>0BD7A0C218A404ED00462B85</string>
			<key>isa</key>
			<string>PBXBuildFile</string>
		</dict>
		<key>0BD7A0C418A425E500462B85</key>
		<dict>
			<key>fileEncoding</key>
			<string>4</string>
			<key>isa</key>
			<string>PBXFileReference</string>
			<key>lastKnownFileType</key>
			<string>sourcecode.c.h</string>
			<key>path</key>
			<string>DetailGrapeTreeViewController.h</string>
			<key>sourceTree</key>
			<string>&lt;group&gt;</string>
		</dict>
		<key>0BD7A0C518A425E500462B85</key>
		<dict>
			<key>fileEncoding</key>
			<string>4</string>
			<key>isa</key>
			<string>PBXFileReference</string>
			<key>lastKnownFileType</key>
			<string>sourcecode.c.objc</string>
			<key>path</key>
			<string>DetailGrapeTreeViewController.m</string>
			<key>sourceTree</key>
			<string>&lt;group&gt;</string>
		</dict>
		<key>0BD7A0C618A425E500462B85</key>
		<dict>
			<key>fileRef</key>
			<string>0BD7A0C518A425E500462B85</string>
			<key>isa</key>
			<string>PBXBuildFile</string>
		</dict>
		<key>0BED2E8E189AEEA7004BE23F</key>
		<dict>
			<key>isa</key>
			<string>PBXFileReference</string>
			<key>lastKnownFileType</key>
			<string>wrapper.framework</string>
			<key>name</key>
			<string>CoreLocation.framework</string>
			<key>path</key>
			<string>System/Library/Frameworks/CoreLocation.framework</string>
			<key>sourceTree</key>
			<string>SDKROOT</string>
		</dict>
		<key>0BED2E8F189AEEA7004BE23F</key>
		<dict>
			<key>fileRef</key>
			<string>0BED2E8E189AEEA7004BE23F</string>
			<key>isa</key>
			<string>PBXBuildFile</string>
		</dict>
		<key>0BEDD7B9189C401E0020907A</key>
		<dict>
			<key>fileEncoding</key>
			<string>4</string>
			<key>isa</key>
			<string>PBXFileReference</string>
			<key>lastKnownFileType</key>
			<string>text</string>
			<key>path</key>
			<string>wineTreeJsonData.txt</string>
			<key>sourceTree</key>
			<string>&lt;group&gt;</string>
		</dict>
		<key>0BEDD7BA189C401E0020907A</key>
		<dict>
			<key>fileRef</key>
			<string>0BEDD7B9189C401E0020907A</string>
			<key>isa</key>
			<string>PBXBuildFile</string>
		</dict>
		<key>0BF0F4B01897FE5D003C2EA1</key>
		<dict>
			<key>fileEncoding</key>
			<string>4</string>
			<key>isa</key>
			<string>PBXFileReference</string>
			<key>lastKnownFileType</key>
			<string>sourcecode.c.h</string>
			<key>path</key>
			<string>DropBehavior.h</string>
			<key>sourceTree</key>
			<string>&lt;group&gt;</string>
		</dict>
		<key>0BF0F4B11897FE5D003C2EA1</key>
		<dict>
			<key>fileEncoding</key>
			<string>4</string>
			<key>isa</key>
			<string>PBXFileReference</string>
			<key>lastKnownFileType</key>
			<string>sourcecode.c.objc</string>
			<key>path</key>
			<string>DropBehavior.m</string>
			<key>sourceTree</key>
			<string>&lt;group&gt;</string>
		</dict>
		<key>0BF0F4B21897FE5D003C2EA1</key>
		<dict>
			<key>fileRef</key>
			<string>0BF0F4B11897FE5D003C2EA1</string>
			<key>isa</key>
			<string>PBXBuildFile</string>
		</dict>
		<key>0BF0F4B3189826A8003C2EA1</key>
		<dict>
			<key>fileEncoding</key>
			<string>4</string>
			<key>isa</key>
			<string>PBXFileReference</string>
			<key>lastKnownFileType</key>
			<string>text.plist.xml</string>
			<key>path</key>
			<string>WineTasterInfor.plist</string>
			<key>sourceTree</key>
			<string>&lt;group&gt;</string>
		</dict>
		<key>0BF0F4B4189826A8003C2EA1</key>
		<dict>
			<key>fileRef</key>
			<string>0BF0F4B3189826A8003C2EA1</string>
			<key>isa</key>
			<string>PBXBuildFile</string>
		</dict>
		<key>0BF32E4118A16D2C00CA021D</key>
		<dict>
			<key>fileEncoding</key>
			<string>4</string>
			<key>isa</key>
			<string>PBXFileReference</string>
			<key>lastKnownFileType</key>
			<string>text</string>
			<key>path</key>
			<string>wineJson.txt</string>
			<key>sourceTree</key>
			<string>&lt;group&gt;</string>
		</dict>
		<key>0BF32E4218A16D2C00CA021D</key>
		<dict>
			<key>fileRef</key>
			<string>0BF32E4118A16D2C00CA021D</string>
			<key>isa</key>
			<string>PBXBuildFile</string>
		</dict>
		<key>0BF32E4318A1737800CA021D</key>
		<dict>
			<key>fileEncoding</key>
			<string>4</string>
			<key>isa</key>
			<string>PBXFileReference</string>
			<key>lastKnownFileType</key>
			<string>sourcecode.c.h</string>
			<key>path</key>
			<string>HWTNode.h</string>
			<key>sourceTree</key>
			<string>&lt;group&gt;</string>
		</dict>
		<key>0BF32E4418A1737800CA021D</key>
		<dict>
			<key>fileEncoding</key>
			<string>4</string>
			<key>isa</key>
			<string>PBXFileReference</string>
			<key>lastKnownFileType</key>
			<string>sourcecode.c.objc</string>
			<key>path</key>
			<string>HWTNode.m</string>
			<key>sourceTree</key>
			<string>&lt;group&gt;</string>
		</dict>
		<key>0BF32E4518A1737800CA021D</key>
		<dict>
			<key>fileRef</key>
			<string>0BF32E4418A1737800CA021D</string>
			<key>isa</key>
			<string>PBXBuildFile</string>
		</dict>
		<key>0BF32E4618A182C400CA021D</key>
		<dict>
			<key>fileEncoding</key>
			<string>4</string>
			<key>isa</key>
			<string>PBXFileReference</string>
			<key>lastKnownFileType</key>
			<string>sourcecode.c.h</string>
			<key>name</key>
			<string>customWineCell.h</string>
			<key>path</key>
			<string>../customWineCell.h</string>
			<key>sourceTree</key>
			<string>&lt;group&gt;</string>
		</dict>
		<key>0BF32E4718A182C400CA021D</key>
		<dict>
			<key>fileEncoding</key>
			<string>4</string>
			<key>isa</key>
			<string>PBXFileReference</string>
			<key>lastKnownFileType</key>
			<string>sourcecode.c.objc</string>
			<key>name</key>
			<string>customWineCell.m</string>
			<key>path</key>
			<string>../customWineCell.m</string>
			<key>sourceTree</key>
			<string>&lt;group&gt;</string>
		</dict>
		<key>0BF32E4818A182C400CA021D</key>
		<dict>
			<key>fileRef</key>
			<string>0BF32E4718A182C400CA021D</string>
			<key>isa</key>
			<string>PBXBuildFile</string>
		</dict>
		<key>0BF6A7C61899548D00B9BBB5</key>
		<dict>
			<key>isa</key>
			<string>PBXFileReference</string>
			<key>lastKnownFileType</key>
			<string>image.png</string>
			<key>path</key>
			<string>grapevinecorner.png</string>
			<key>sourceTree</key>
			<string>&lt;group&gt;</string>
		</dict>
		<key>0BF6A7C71899548D00B9BBB5</key>
		<dict>
			<key>fileRef</key>
			<string>0BF6A7C61899548D00B9BBB5</string>
			<key>isa</key>
			<string>PBXBuildFile</string>
		</dict>
		<key>24F22FD0AE8B4295BF3C5B29</key>
		<dict>
			<key>includeInIndex</key>
			<string>1</string>
			<key>isa</key>
			<string>PBXFileReference</string>
			<key>lastKnownFileType</key>
			<string>text.xcconfig</string>
			<key>name</key>
			<string>Pods.xcconfig</string>
			<key>path</key>
			<string>Pods/Pods.xcconfig</string>
			<key>sourceTree</key>
			<string>&lt;group&gt;</string>
		</dict>
		<key>36DAB84EE5B0412F84624CDB</key>
		<dict>
			<key>buildActionMask</key>
			<string>2147483647</string>
			<key>files</key>
			<array/>
			<key>inputPaths</key>
			<array/>
			<key>isa</key>
			<string>PBXShellScriptBuildPhase</string>
			<key>name</key>
			<string>Check Pods Manifest.lock</string>
			<key>outputPaths</key>
			<array/>
			<key>runOnlyForDeploymentPostprocessing</key>
			<string>0</string>
			<key>shellPath</key>
			<string>/bin/sh</string>
			<key>shellScript</key>
			<string>diff "${PODS_ROOT}/../Podfile.lock" "${PODS_ROOT}/Manifest.lock" &gt; /dev/null
if [[ $? != 0 ]] ; then
    cat &lt;&lt; EOM
error: The sandbox is not in sync with the Podfile.lock. Run 'pod install' or update your CocoaPods installation.
EOM
    exit 1
fi
</string>
			<key>showEnvVarsInLog</key>
			<string>0</string>
		</dict>
		<key>4BB657349F044A99ABEF8FC0</key>
		<dict>
			<key>explicitFileType</key>
			<string>archive.ar</string>
			<key>includeInIndex</key>
			<string>0</string>
			<key>isa</key>
			<string>PBXFileReference</string>
			<key>path</key>
			<string>libPods.a</string>
			<key>sourceTree</key>
			<string>BUILT_PRODUCTS_DIR</string>
		</dict>
		<key>879F3FEF720049F89F93D682</key>
		<dict>
			<key>buildActionMask</key>
			<string>2147483647</string>
			<key>files</key>
			<array/>
			<key>inputPaths</key>
			<array/>
			<key>isa</key>
			<string>PBXShellScriptBuildPhase</string>
			<key>name</key>
			<string>Copy Pods Resources</string>
			<key>outputPaths</key>
			<array/>
			<key>runOnlyForDeploymentPostprocessing</key>
			<string>0</string>
			<key>shellPath</key>
			<string>/bin/sh</string>
			<key>shellScript</key>
			<string>"${SRCROOT}/Pods/Pods-resources.sh"
</string>
			<key>showEnvVarsInLog</key>
			<string>0</string>
		</dict>
		<key>90B4707BE0774930839802F7</key>
		<dict>
			<key>fileRef</key>
			<string>4BB657349F044A99ABEF8FC0</string>
			<key>isa</key>
			<string>PBXBuildFile</string>
		</dict>
	</dict>
	<key>rootObject</key>
	<string>0B75F9171896E4B000BA44C8</string>
</dict>
</plist>
